{
  "name": "transip-api",
  "version": "2.0.0",
  "lockfileVersion": 2,
  "requires": true,
  "packages": {
    "": {
      "name": "transip-api",
      "version": "2.0.0",
      "license": "MIT",
      "devDependencies": {
        "rimraf": "^4.1.2",
        "rollup": "^3.12.1",
        "rollup-plugin-swc3": "^0.8.0"
      },
      "engines": {
        "node": ">=16"
      },
      "peerDependencies": {
        "node-fetch": "^3.3.0"
      }
    },
    "node_modules/@fastify/deepmerge": {
      "version": "1.3.0",
      "resolved": "https://registry.npmjs.org/@fastify/deepmerge/-/deepmerge-1.3.0.tgz",
      "integrity": "sha512-J8TOSBq3SoZbDhM9+R/u77hP93gz/rajSA+K2kGyijPpORPWUXHUpTaleoj+92As0S9uPRP7Oi8IqMf0u+ro6A==",
      "dev": true
    },
    "node_modules/@rollup/pluginutils": {
      "version": "4.2.1",
      "resolved": "https://registry.npmjs.org/@rollup/pluginutils/-/pluginutils-4.2.1.tgz",
      "integrity": "sha512-iKnFXr7NkdZAIHiIWE+BX5ULi/ucVFYWD6TbAV+rZctiRTY2PL6tsIKhoIOaoskiWAkgu+VsbXgUVDNLHf+InQ==",
      "dev": true,
      "dependencies": {
        "estree-walker": "^2.0.1",
        "picomatch": "^2.2.2"
      },
      "engines": {
        "node": ">= 8.0.0"
      }
    },
    "node_modules/@swc/core": {
      "version": "1.3.32",
      "resolved": "https://registry.npmjs.org/@swc/core/-/core-1.3.32.tgz",
      "integrity": "sha512-Yx/n1j+uUkcqlJAW8IRg8Qymgkdow6NHJZPFShiR0YiaYq2sXY+JHmvh16O6GkL91Y+gTlDUS7uVgDz50czJUQ==",
      "dev": true,
      "hasInstallScript": true,
      "peer": true,
      "engines": {
        "node": ">=10"
      },
      "funding": {
        "type": "opencollective",
        "url": "https://opencollective.com/swc"
      },
      "optionalDependencies": {
        "@swc/core-darwin-arm64": "1.3.32",
        "@swc/core-darwin-x64": "1.3.32",
        "@swc/core-linux-arm-gnueabihf": "1.3.32",
        "@swc/core-linux-arm64-gnu": "1.3.32",
        "@swc/core-linux-arm64-musl": "1.3.32",
        "@swc/core-linux-x64-gnu": "1.3.32",
        "@swc/core-linux-x64-musl": "1.3.32",
        "@swc/core-win32-arm64-msvc": "1.3.32",
        "@swc/core-win32-ia32-msvc": "1.3.32",
        "@swc/core-win32-x64-msvc": "1.3.32"
      }
    },
    "node_modules/@swc/core-darwin-arm64": {
      "version": "1.3.32",
      "resolved": "https://registry.npmjs.org/@swc/core-darwin-arm64/-/core-darwin-arm64-1.3.32.tgz",
      "integrity": "sha512-o19bhlxuUgjUElm6i+QhXgZ0vD6BebiB/gQpK3en5aAwhOvinwr4sah3GqFXsQzz/prKVDuMkj9SW6F/Ug5hgg==",
      "cpu": [
        "arm64"
      ],
      "dev": true,
      "optional": true,
      "os": [
        "darwin"
      ],
      "peer": true,
      "engines": {
        "node": ">=10"
      }
    },
    "node_modules/@swc/core-darwin-x64": {
      "version": "1.3.32",
      "resolved": "https://registry.npmjs.org/@swc/core-darwin-x64/-/core-darwin-x64-1.3.32.tgz",
      "integrity": "sha512-hVEGd+v5Afh+YekGADOGKwhuS4/AXk91nLuk7pmhWkk8ceQ1cfmah90kXjIXUlCe2G172MLRfHNWlZxr29E/Og==",
      "cpu": [
        "x64"
      ],
      "dev": true,
      "optional": true,
      "os": [
        "darwin"
      ],
      "peer": true,
      "engines": {
        "node": ">=10"
      }
    },
    "node_modules/@swc/core-linux-arm-gnueabihf": {
      "version": "1.3.32",
      "resolved": "https://registry.npmjs.org/@swc/core-linux-arm-gnueabihf/-/core-linux-arm-gnueabihf-1.3.32.tgz",
      "integrity": "sha512-5X01WqI9EbJ69oHAOGlI08YqvEIXMfT/mCJ1UWDQBb21xWRE2W1yFAAeuqOLtiagLrXjPv/UKQ0S2gyWQR5AXQ==",
      "cpu": [
        "arm"
      ],
      "dev": true,
      "optional": true,
      "os": [
        "linux"
      ],
      "peer": true,
      "engines": {
        "node": ">=10"
      }
    },
    "node_modules/@swc/core-linux-arm64-gnu": {
      "version": "1.3.32",
      "resolved": "https://registry.npmjs.org/@swc/core-linux-arm64-gnu/-/core-linux-arm64-gnu-1.3.32.tgz",
      "integrity": "sha512-PTJ6oPiutkNBg+m22bUUPa4tNuMmsgpSnsnv2wnWVOgK0lhvQT6bAPTUXDq/8peVAgR/SlpP2Ht8TRRqYMRjRQ==",
      "cpu": [
        "arm64"
      ],
      "dev": true,
      "optional": true,
      "os": [
        "linux"
      ],
      "peer": true,
      "engines": {
        "node": ">=10"
      }
    },
    "node_modules/@swc/core-linux-arm64-musl": {
      "version": "1.3.32",
      "resolved": "https://registry.npmjs.org/@swc/core-linux-arm64-musl/-/core-linux-arm64-musl-1.3.32.tgz",
      "integrity": "sha512-lG0VOuYNPWOCJ99Aza69cTljjeft/wuRQeYFF8d+1xCQS/OT7gnbgi7BOz39uSHIPTBqfzdIsuvzdKlp9QydrQ==",
      "cpu": [
        "arm64"
      ],
      "dev": true,
      "optional": true,
      "os": [
        "linux"
      ],
      "peer": true,
      "engines": {
        "node": ">=10"
      }
    },
    "node_modules/@swc/core-linux-x64-gnu": {
      "version": "1.3.32",
      "resolved": "https://registry.npmjs.org/@swc/core-linux-x64-gnu/-/core-linux-x64-gnu-1.3.32.tgz",
      "integrity": "sha512-ecqtSWX4NBrs7Ji2VX3fDWeqUfrbLlYqBuufAziCM27xMxwlAVgmyGQk4FYgoQ3SAUAu3XFH87+3Q7uWm2X7xg==",
      "cpu": [
        "x64"
      ],
      "dev": true,
      "optional": true,
      "os": [
        "linux"
      ],
      "peer": true,
      "engines": {
        "node": ">=10"
      }
    },
    "node_modules/@swc/core-linux-x64-musl": {
      "version": "1.3.32",
      "resolved": "https://registry.npmjs.org/@swc/core-linux-x64-musl/-/core-linux-x64-musl-1.3.32.tgz",
      "integrity": "sha512-rl3dMcUuENVkpk5NGW/LXovjK0+JFm4GWPjy4NM3Q5cPvhBpGwSeLZlR+zAw9K0fdGoIXiayRTTfENrQwwsH+g==",
      "cpu": [
        "x64"
      ],
      "dev": true,
      "optional": true,
      "os": [
        "linux"
      ],
      "peer": true,
      "engines": {
        "node": ">=10"
      }
    },
    "node_modules/@swc/core-win32-arm64-msvc": {
      "version": "1.3.32",
      "resolved": "https://registry.npmjs.org/@swc/core-win32-arm64-msvc/-/core-win32-arm64-msvc-1.3.32.tgz",
      "integrity": "sha512-VlybAZp8DcS66CH1LDnfp9zdwbPlnGXREtHDMHaBfK9+80AWVTg+zn0tCYz+HfcrRONqxbudwOUIPj+dwl/8jw==",
      "cpu": [
        "arm64"
      ],
      "dev": true,
      "optional": true,
      "os": [
        "win32"
      ],
      "peer": true,
      "engines": {
        "node": ">=10"
      }
    },
    "node_modules/@swc/core-win32-ia32-msvc": {
      "version": "1.3.32",
      "resolved": "https://registry.npmjs.org/@swc/core-win32-ia32-msvc/-/core-win32-ia32-msvc-1.3.32.tgz",
      "integrity": "sha512-MEUMdpUFIQ+RD+K/iHhHKfu0TFNj9VXwIxT5hmPeqyboKo095CoFEFBJ0sHG04IGlnu8T9i+uE2Pi18qUEbFug==",
      "cpu": [
        "ia32"
      ],
      "dev": true,
      "optional": true,
      "os": [
        "win32"
      ],
      "peer": true,
      "engines": {
        "node": ">=10"
      }
    },
    "node_modules/@swc/core-win32-x64-msvc": {
      "version": "1.3.32",
      "resolved": "https://registry.npmjs.org/@swc/core-win32-x64-msvc/-/core-win32-x64-msvc-1.3.32.tgz",
      "integrity": "sha512-DPMoneNFQco7SqmVVOUv1Vn53YmoImEfrAPMY9KrqQzgfzqNTuL2JvfxUqfAxwQ6pEKYAdyKJvZ483rIhgG9XQ==",
      "cpu": [
        "x64"
      ],
      "dev": true,
      "optional": true,
      "os": [
        "win32"
      ],
      "peer": true,
      "engines": {
        "node": ">=10"
      }
    },
    "node_modules/data-uri-to-buffer": {
      "version": "4.0.1",
      "resolved": "https://registry.npmjs.org/data-uri-to-buffer/-/data-uri-to-buffer-4.0.1.tgz",
      "integrity": "sha512-0R9ikRb668HB7QDxT1vkpuUBtqc53YyAwMwGeUFKRojY/NWKvdZ+9UYtRfGmhqNbRkTSVpMbmyhXipFFv2cb/A==",
      "peer": true,
      "engines": {
        "node": ">= 12"
      }
    },
    "node_modules/estree-walker": {
      "version": "2.0.2",
      "resolved": "https://registry.npmjs.org/estree-walker/-/estree-walker-2.0.2.tgz",
      "integrity": "sha512-Rfkk/Mp/DL7JVje3u18FxFujQlTNR2q6QfMSMB7AvCBx91NGj/ba3kCfza0f6dVDbw7YlRf/nDrn7pQrCCyQ/w==",
      "dev": true
    },
    "node_modules/fetch-blob": {
      "version": "3.2.0",
      "resolved": "https://registry.npmjs.org/fetch-blob/-/fetch-blob-3.2.0.tgz",
      "integrity": "sha512-7yAQpD2UMJzLi1Dqv7qFYnPbaPx7ZfFK6PiIxQ4PfkGPyNyl2Ugx+a/umUonmKqjhM4DnfbMvdX6otXq83soQQ==",
      "funding": [
        {
          "type": "github",
          "url": "https://github.com/sponsors/jimmywarting"
        },
        {
          "type": "paypal",
          "url": "https://paypal.me/jimmywarting"
        }
      ],
      "peer": true,
      "dependencies": {
        "node-domexception": "^1.0.0",
        "web-streams-polyfill": "^3.0.3"
      },
      "engines": {
        "node": "^12.20 || >= 14.13"
      }
    },
    "node_modules/formdata-polyfill": {
      "version": "4.0.10",
      "resolved": "https://registry.npmjs.org/formdata-polyfill/-/formdata-polyfill-4.0.10.tgz",
      "integrity": "sha512-buewHzMvYL29jdeQTVILecSaZKnt/RJWjoZCF5OW60Z67/GmSLBkOFM7qh1PI3zFNtJbaZL5eQu1vLfazOwj4g==",
      "peer": true,
      "dependencies": {
        "fetch-blob": "^3.1.2"
      },
      "engines": {
        "node": ">=12.20.0"
      }
    },
    "node_modules/fsevents": {
      "version": "2.3.2",
      "resolved": "https://registry.npmjs.org/fsevents/-/fsevents-2.3.2.tgz",
      "integrity": "sha512-xiqMQR4xAeHTuB9uWm+fFRcIOgKBMiOBP+eXiyT7jsgVCq1bkVygt00oASowB7EdtpOHaaPgKt812P9ab+DDKA==",
      "dev": true,
      "hasInstallScript": true,
      "optional": true,
      "os": [
        "darwin"
      ],
      "engines": {
        "node": "^8.16.0 || ^10.6.0 || >=11.0.0"
      }
    },
    "node_modules/get-tsconfig": {
      "version": "4.3.0",
      "resolved": "https://registry.npmjs.org/get-tsconfig/-/get-tsconfig-4.3.0.tgz",
      "integrity": "sha512-YCcF28IqSay3fqpIu5y3Krg/utCBHBeoflkZyHj/QcqI2nrLPC3ZegS9CmIo+hJb8K7aiGsuUl7PwWVjNG2HQQ==",
      "dev": true,
      "funding": {
        "url": "https://github.com/privatenumber/get-tsconfig?sponsor=1"
      }
    },
    "node_modules/node-domexception": {
      "version": "1.0.0",
      "resolved": "https://registry.npmjs.org/node-domexception/-/node-domexception-1.0.0.tgz",
      "integrity": "sha512-/jKZoMpw0F8GRwl4/eLROPA3cfcXtLApP0QzLmUT/HuPCZWyB7IY9ZrMeKw2O/nFIqPQB3PVM9aYm0F312AXDQ==",
      "funding": [
        {
          "type": "github",
          "url": "https://github.com/sponsors/jimmywarting"
        },
        {
          "type": "github",
          "url": "https://paypal.me/jimmywarting"
        }
      ],
      "peer": true,
      "engines": {
        "node": ">=10.5.0"
      }
    },
    "node_modules/node-fetch": {
      "version": "3.3.0",
      "resolved": "https://registry.npmjs.org/node-fetch/-/node-fetch-3.3.0.tgz",
      "integrity": "sha512-BKwRP/O0UvoMKp7GNdwPlObhYGB5DQqwhEDQlNKuoqwVYSxkSZCSbHjnFFmUEtwSKRPU4kNK8PbDYYitwaE3QA==",
      "peer": true,
      "dependencies": {
        "data-uri-to-buffer": "^4.0.0",
        "fetch-blob": "^3.1.4",
        "formdata-polyfill": "^4.0.10"
      },
      "engines": {
        "node": "^12.20.0 || ^14.13.1 || >=16.0.0"
      },
      "funding": {
        "type": "opencollective",
        "url": "https://opencollective.com/node-fetch"
      }
    },
    "node_modules/picomatch": {
      "version": "2.3.1",
      "resolved": "https://registry.npmjs.org/picomatch/-/picomatch-2.3.1.tgz",
      "integrity": "sha512-JU3teHTNjmE2VCGFzuY8EXzCDVwEqB2a8fsIvwaStHhAWJEeVd1o1QD80CU6+ZdEXXSLbSsuLwJjkCBWqRQUVA==",
      "dev": true,
      "engines": {
        "node": ">=8.6"
      },
      "funding": {
        "url": "https://github.com/sponsors/jonschlinkert"
      }
    },
    "node_modules/rimraf": {
      "version": "4.1.2",
      "resolved": "https://registry.npmjs.org/rimraf/-/rimraf-4.1.2.tgz",
      "integrity": "sha512-BlIbgFryTbw3Dz6hyoWFhKk+unCcHMSkZGrTFVAx2WmttdBSonsdtRlwiuTbDqTKr+UlXIUqJVS4QT5tUzGENQ==",
      "dev": true,
      "bin": {
        "rimraf": "dist/cjs/src/bin.js"
      },
      "engines": {
        "node": ">=14"
      },
      "funding": {
        "url": "https://github.com/sponsors/isaacs"
      }
    },
    "node_modules/rollup": {
      "version": "3.13.0",
      "resolved": "https://registry.npmjs.org/rollup/-/rollup-3.13.0.tgz",
      "integrity": "sha512-HJwQtrXAc0AmyDohTJ/2c+Bx/sWPScJLlAUJ1kuD7rAkCro8Cr2SnVB2gVYBiSLxpgD2kZ24jbyXtG++GumrYQ==",
      "dev": true,
      "bin": {
        "rollup": "dist/bin/rollup"
      },
      "engines": {
        "node": ">=14.18.0",
        "npm": ">=8.0.0"
      },
      "optionalDependencies": {
        "fsevents": "~2.3.2"
      }
    },
    "node_modules/rollup-plugin-swc3": {
      "version": "0.8.0",
      "resolved": "https://registry.npmjs.org/rollup-plugin-swc3/-/rollup-plugin-swc3-0.8.0.tgz",
      "integrity": "sha512-IJapqORpU4NgSJHaFvbTcUe4WQPzgE6v8Suu95ZO4Qw1VwGRcuurvSCuYX1fIzR+DLVlZH4zq/T6uqbmw3Bzxw==",
      "dev": true,
      "dependencies": {
        "@fastify/deepmerge": "^1.1.0",
        "@rollup/pluginutils": "^4.2.1",
        "get-tsconfig": "^4.2.0"
      },
      "engines": {
        "node": ">=12"
      },
      "peerDependencies": {
        "@swc/core": ">=1.2.165",
        "rollup": "^2.0.0 || ^3.0.0"
      }
    },
    "node_modules/web-streams-polyfill": {
      "version": "3.2.1",
      "resolved": "https://registry.npmjs.org/web-streams-polyfill/-/web-streams-polyfill-3.2.1.tgz",
      "integrity": "sha512-e0MO3wdXWKrLbL0DgGnUV7WHVuw9OUvL4hjgnPkIeEvESk74gAITi5G606JtZPp39cd8HA9VQzCIvA49LpPN5Q==",
      "peer": true,
      "engines": {
        "node": ">= 8"
      }
    }
  },
  "dependencies": {
    "@fastify/deepmerge": {
      "version": "1.3.0",
      "resolved": "https://registry.npmjs.org/@fastify/deepmerge/-/deepmerge-1.3.0.tgz",
      "integrity": "sha512-J8TOSBq3SoZbDhM9+R/u77hP93gz/rajSA+K2kGyijPpORPWUXHUpTaleoj+92As0S9uPRP7Oi8IqMf0u+ro6A==",
      "dev": true
    },
    "@rollup/pluginutils": {
      "version": "4.2.1",
      "resolved": "https://registry.npmjs.org/@rollup/pluginutils/-/pluginutils-4.2.1.tgz",
      "integrity": "sha512-iKnFXr7NkdZAIHiIWE+BX5ULi/ucVFYWD6TbAV+rZctiRTY2PL6tsIKhoIOaoskiWAkgu+VsbXgUVDNLHf+InQ==",
      "dev": true,
      "requires": {
        "estree-walker": "^2.0.1",
        "picomatch": "^2.2.2"
      }
    },
    "@swc/core": {
      "version": "1.3.32",
      "resolved": "https://registry.npmjs.org/@swc/core/-/core-1.3.32.tgz",
      "integrity": "sha512-Yx/n1j+uUkcqlJAW8IRg8Qymgkdow6NHJZPFShiR0YiaYq2sXY+JHmvh16O6GkL91Y+gTlDUS7uVgDz50czJUQ==",
      "dev": true,
      "peer": true,
      "requires": {
        "@swc/core-darwin-arm64": "1.3.32",
        "@swc/core-darwin-x64": "1.3.32",
        "@swc/core-linux-arm-gnueabihf": "1.3.32",
        "@swc/core-linux-arm64-gnu": "1.3.32",
        "@swc/core-linux-arm64-musl": "1.3.32",
        "@swc/core-linux-x64-gnu": "1.3.32",
        "@swc/core-linux-x64-musl": "1.3.32",
        "@swc/core-win32-arm64-msvc": "1.3.32",
        "@swc/core-win32-ia32-msvc": "1.3.32",
        "@swc/core-win32-x64-msvc": "1.3.32"
      }
    },
    "@swc/core-darwin-arm64": {
      "version": "1.3.32",
      "resolved": "https://registry.npmjs.org/@swc/core-darwin-arm64/-/core-darwin-arm64-1.3.32.tgz",
      "integrity": "sha512-o19bhlxuUgjUElm6i+QhXgZ0vD6BebiB/gQpK3en5aAwhOvinwr4sah3GqFXsQzz/prKVDuMkj9SW6F/Ug5hgg==",
      "dev": true,
      "optional": true,
      "peer": true
    },
    "@swc/core-darwin-x64": {
      "version": "1.3.32",
      "resolved": "https://registry.npmjs.org/@swc/core-darwin-x64/-/core-darwin-x64-1.3.32.tgz",
      "integrity": "sha512-hVEGd+v5Afh+YekGADOGKwhuS4/AXk91nLuk7pmhWkk8ceQ1cfmah90kXjIXUlCe2G172MLRfHNWlZxr29E/Og==",
      "dev": true,
      "optional": true,
      "peer": true
    },
    "@swc/core-linux-arm-gnueabihf": {
      "version": "1.3.32",
      "resolved": "https://registry.npmjs.org/@swc/core-linux-arm-gnueabihf/-/core-linux-arm-gnueabihf-1.3.32.tgz",
      "integrity": "sha512-5X01WqI9EbJ69oHAOGlI08YqvEIXMfT/mCJ1UWDQBb21xWRE2W1yFAAeuqOLtiagLrXjPv/UKQ0S2gyWQR5AXQ==",
      "dev": true,
      "optional": true,
      "peer": true
    },
    "@swc/core-linux-arm64-gnu": {
      "version": "1.3.32",
      "resolved": "https://registry.npmjs.org/@swc/core-linux-arm64-gnu/-/core-linux-arm64-gnu-1.3.32.tgz",
      "integrity": "sha512-PTJ6oPiutkNBg+m22bUUPa4tNuMmsgpSnsnv2wnWVOgK0lhvQT6bAPTUXDq/8peVAgR/SlpP2Ht8TRRqYMRjRQ==",
      "dev": true,
      "optional": true,
      "peer": true
    },
    "@swc/core-linux-arm64-musl": {
      "version": "1.3.32",
      "resolved": "https://registry.npmjs.org/@swc/core-linux-arm64-musl/-/core-linux-arm64-musl-1.3.32.tgz",
      "integrity": "sha512-lG0VOuYNPWOCJ99Aza69cTljjeft/wuRQeYFF8d+1xCQS/OT7gnbgi7BOz39uSHIPTBqfzdIsuvzdKlp9QydrQ==",
      "dev": true,
      "optional": true,
      "peer": true
    },
    "@swc/core-linux-x64-gnu": {
      "version": "1.3.32",
      "resolved": "https://registry.npmjs.org/@swc/core-linux-x64-gnu/-/core-linux-x64-gnu-1.3.32.tgz",
      "integrity": "sha512-ecqtSWX4NBrs7Ji2VX3fDWeqUfrbLlYqBuufAziCM27xMxwlAVgmyGQk4FYgoQ3SAUAu3XFH87+3Q7uWm2X7xg==",
      "dev": true,
      "optional": true,
      "peer": true
    },
    "@swc/core-linux-x64-musl": {
      "version": "1.3.32",
      "resolved": "https://registry.npmjs.org/@swc/core-linux-x64-musl/-/core-linux-x64-musl-1.3.32.tgz",
      "integrity": "sha512-rl3dMcUuENVkpk5NGW/LXovjK0+JFm4GWPjy4NM3Q5cPvhBpGwSeLZlR+zAw9K0fdGoIXiayRTTfENrQwwsH+g==",
      "dev": true,
      "optional": true,
      "peer": true
    },
    "@swc/core-win32-arm64-msvc": {
      "version": "1.3.32",
      "resolved": "https://registry.npmjs.org/@swc/core-win32-arm64-msvc/-/core-win32-arm64-msvc-1.3.32.tgz",
      "integrity": "sha512-VlybAZp8DcS66CH1LDnfp9zdwbPlnGXREtHDMHaBfK9+80AWVTg+zn0tCYz+HfcrRONqxbudwOUIPj+dwl/8jw==",
      "dev": true,
      "optional": true,
      "peer": true
    },
    "@swc/core-win32-ia32-msvc": {
      "version": "1.3.32",
      "resolved": "https://registry.npmjs.org/@swc/core-win32-ia32-msvc/-/core-win32-ia32-msvc-1.3.32.tgz",
      "integrity": "sha512-MEUMdpUFIQ+RD+K/iHhHKfu0TFNj9VXwIxT5hmPeqyboKo095CoFEFBJ0sHG04IGlnu8T9i+uE2Pi18qUEbFug==",
      "dev": true,
      "optional": true,
      "peer": true
    },
    "@swc/core-win32-x64-msvc": {
      "version": "1.3.32",
      "resolved": "https://registry.npmjs.org/@swc/core-win32-x64-msvc/-/core-win32-x64-msvc-1.3.32.tgz",
      "integrity": "sha512-DPMoneNFQco7SqmVVOUv1Vn53YmoImEfrAPMY9KrqQzgfzqNTuL2JvfxUqfAxwQ6pEKYAdyKJvZ483rIhgG9XQ==",
      "dev": true,
      "optional": true,
      "peer": true
    },
    "data-uri-to-buffer": {
      "version": "4.0.1",
      "resolved": "https://registry.npmjs.org/data-uri-to-buffer/-/data-uri-to-buffer-4.0.1.tgz",
      "integrity": "sha512-0R9ikRb668HB7QDxT1vkpuUBtqc53YyAwMwGeUFKRojY/NWKvdZ+9UYtRfGmhqNbRkTSVpMbmyhXipFFv2cb/A==",
      "peer": true
    },
    "estree-walker": {
      "version": "2.0.2",
      "resolved": "https://registry.npmjs.org/estree-walker/-/estree-walker-2.0.2.tgz",
      "integrity": "sha512-Rfkk/Mp/DL7JVje3u18FxFujQlTNR2q6QfMSMB7AvCBx91NGj/ba3kCfza0f6dVDbw7YlRf/nDrn7pQrCCyQ/w==",
      "dev": true
    },
    "fetch-blob": {
      "version": "3.2.0",
      "resolved": "https://registry.npmjs.org/fetch-blob/-/fetch-blob-3.2.0.tgz",
      "integrity": "sha512-7yAQpD2UMJzLi1Dqv7qFYnPbaPx7ZfFK6PiIxQ4PfkGPyNyl2Ugx+a/umUonmKqjhM4DnfbMvdX6otXq83soQQ==",
      "peer": true,
      "requires": {
        "node-domexception": "^1.0.0",
        "web-streams-polyfill": "^3.0.3"
      }
    },
    "formdata-polyfill": {
      "version": "4.0.10",
      "resolved": "https://registry.npmjs.org/formdata-polyfill/-/formdata-polyfill-4.0.10.tgz",
      "integrity": "sha512-buewHzMvYL29jdeQTVILecSaZKnt/RJWjoZCF5OW60Z67/GmSLBkOFM7qh1PI3zFNtJbaZL5eQu1vLfazOwj4g==",
      "peer": true,
      "requires": {
        "fetch-blob": "^3.1.2"
      }
    },
    "fsevents": {
      "version": "2.3.2",
      "resolved": "https://registry.npmjs.org/fsevents/-/fsevents-2.3.2.tgz",
      "integrity": "sha512-xiqMQR4xAeHTuB9uWm+fFRcIOgKBMiOBP+eXiyT7jsgVCq1bkVygt00oASowB7EdtpOHaaPgKt812P9ab+DDKA==",
      "dev": true,
      "optional": true
    },
    "get-tsconfig": {
      "version": "4.3.0",
      "resolved": "https://registry.npmjs.org/get-tsconfig/-/get-tsconfig-4.3.0.tgz",
      "integrity": "sha512-YCcF28IqSay3fqpIu5y3Krg/utCBHBeoflkZyHj/QcqI2nrLPC3ZegS9CmIo+hJb8K7aiGsuUl7PwWVjNG2HQQ==",
      "dev": true
    },
    "node-domexception": {
      "version": "1.0.0",
      "resolved": "https://registry.npmjs.org/node-domexception/-/node-domexception-1.0.0.tgz",
      "integrity": "sha512-/jKZoMpw0F8GRwl4/eLROPA3cfcXtLApP0QzLmUT/HuPCZWyB7IY9ZrMeKw2O/nFIqPQB3PVM9aYm0F312AXDQ==",
      "peer": true
    },
    "node-fetch": {
      "version": "3.3.0",
      "resolved": "https://registry.npmjs.org/node-fetch/-/node-fetch-3.3.0.tgz",
      "integrity": "sha512-BKwRP/O0UvoMKp7GNdwPlObhYGB5DQqwhEDQlNKuoqwVYSxkSZCSbHjnFFmUEtwSKRPU4kNK8PbDYYitwaE3QA==",
      "peer": true,
      "requires": {
        "data-uri-to-buffer": "^4.0.0",
        "fetch-blob": "^3.1.4",
        "formdata-polyfill": "^4.0.10"
      }
    },
    "picomatch": {
      "version": "2.3.1",
      "resolved": "https://registry.npmjs.org/picomatch/-/picomatch-2.3.1.tgz",
      "integrity": "sha512-JU3teHTNjmE2VCGFzuY8EXzCDVwEqB2a8fsIvwaStHhAWJEeVd1o1QD80CU6+ZdEXXSLbSsuLwJjkCBWqRQUVA==",
      "dev": true
    },
    "rimraf": {
      "version": "4.1.2",
      "resolved": "https://registry.npmjs.org/rimraf/-/rimraf-4.1.2.tgz",
      "integrity": "sha512-BlIbgFryTbw3Dz6hyoWFhKk+unCcHMSkZGrTFVAx2WmttdBSonsdtRlwiuTbDqTKr+UlXIUqJVS4QT5tUzGENQ==",
      "dev": true
    },
    "rollup": {
      "version": "3.13.0",
      "resolved": "https://registry.npmjs.org/rollup/-/rollup-3.13.0.tgz",
      "integrity": "sha512-HJwQtrXAc0AmyDohTJ/2c+Bx/sWPScJLlAUJ1kuD7rAkCro8Cr2SnVB2gVYBiSLxpgD2kZ24jbyXtG++GumrYQ==",
      "dev": true,
      "requires": {
        "fsevents": "~2.3.2"
      }
    },
    "rollup-plugin-swc3": {
      "version": "0.8.0",
      "resolved": "https://registry.npmjs.org/rollup-plugin-swc3/-/rollup-plugin-swc3-0.8.0.tgz",
      "integrity": "sha512-IJapqORpU4NgSJHaFvbTcUe4WQPzgE6v8Suu95ZO4Qw1VwGRcuurvSCuYX1fIzR+DLVlZH4zq/T6uqbmw3Bzxw==",
      "dev": true,
      "requires": {
        "@fastify/deepmerge": "^1.1.0",
        "@rollup/pluginutils": "^4.2.1",
        "get-tsconfig": "^4.2.0"
      }
    },
    "web-streams-polyfill": {
      "version": "3.2.1",
      "resolved": "https://registry.npmjs.org/web-streams-polyfill/-/web-streams-polyfill-3.2.1.tgz",
      "integrity": "sha512-e0MO3wdXWKrLbL0DgGnUV7WHVuw9OUvL4hjgnPkIeEvESk74gAITi5G606JtZPp39cd8HA9VQzCIvA49LpPN5Q==",
      "peer": true
    }
  }
}
